# THIS IS AN AUTOGENERATED FILE. DO NOT EDIT THIS FILE DIRECTLY.
# yarn lockfile v1


"@paul/peer@1":
  version "1.2.3"
  resolved "http://localhost:4873/@paul%2fpeer/-/peer-1.2.3.tgz#0a856d6ea7c593fee26b9433bb6bd1d98a60a7a9"
  integrity sha512-e8U/1f3b4Xrlx8bDczJEDIdw2pT64ErsE7WjFKX18gMOR4jbi5hCHxZPYHQj22mCFlwXMYE6ul/XW0c+gt6uTw==
