# THIS IS AN AUTOGENERATED FILE. DO NOT EDIT THIS FILE DIRECTLY.
# yarn lockfile v1


"@paul/ext-a@*":
  version "1.0.0"
  resolved "http://localhost:4873/@paul%2fext-a/-/ext-a-1.0.0.tgz#6858615cd1eda70816dec8b1fd3179be1133e099"
  integrity sha512-LebcKeFW7twtfJQ5UBBXW6cwzjcgvvHh6v304pu1aJ+maw/QBg/VGpg1uE7FH4miOavGyLUSWoA9RWtahsh1nA==

"@paul/ext-b@*":
  version "1.0.0"
  resolved "http://localhost:4873/@paul%2fext-b/-/ext-b-1.0.0.tgz#01e7bf385d18b088ad6c229be1e1c41fc72ffbf9"
  integrity sha512-Ce63zLSceCPQV1ZqW4bnn2EZ1XVDD7DUSLtj83T5471aPtLmkH2yfauey4HUvYJuHgSsrudI4mfbj80Iy/369Q==
