# THIS IS AN AUTOGENERATED FILE. DO NOT EDIT THIS FILE DIRECTLY.
# yarn lockfile v1


"@paul/peer@2":
  version "2.3.4"
  resolved "http://localhost:4873/@paul%2fpeer/-/peer-2.3.4.tgz#5d1879404f6865f733e915f72e08ca1a4843a58f"
  integrity sha512-NBTUxauPPlExGb8N3n8mQfMfTa4qcOq0jIJF2zhiBswLUnXN4XH+Dnjvu/zHNogKA59gKlcfwMI9mujPyNvuRw==
